// !$*UTF8*$!
{
	archiveVersion = 1;
	classes = {
	};
	objectVersion = 46;
	objects = {

/* Begin PBXBuildFile section */
		638E37BA1CC97D4B00E64C9D /* Pods_CSolidario.framework in Frameworks */ = {isa = PBXBuildFile; fileRef = 85F14120EFACD333A85ED4B4 /* Pods_CSolidario.framework */; };
		638E37BB1CC97D4B00E64C9D /* Pods_CSolidario.framework in Embed Frameworks */ = {isa = PBXBuildFile; fileRef = 85F14120EFACD333A85ED4B4 /* Pods_CSolidario.framework */; settings = {ATTRIBUTES = (CodeSignOnCopy, RemoveHeadersOnCopy, ); }; };
		63C430A21CC9730E005519BE /* AppDelegate.swift in Sources */ = {isa = PBXBuildFile; fileRef = 63C430A11CC9730E005519BE /* AppDelegate.swift */; };
		63C430A91CC9730E005519BE /* Assets.xcassets in Resources */ = {isa = PBXBuildFile; fileRef = 63C430A81CC9730E005519BE /* Assets.xcassets */; };
		63C430AC1CC9730E005519BE /* LaunchScreen.storyboard in Resources */ = {isa = PBXBuildFile; fileRef = 63C430AA1CC9730E005519BE /* LaunchScreen.storyboard */; };
		63C430B41CC97338005519BE /* Main.storyboard in Resources */ = {isa = PBXBuildFile; fileRef = 63C430B31CC97338005519BE /* Main.storyboard */; };
		63C430D91CC97369005519BE /* AsociacionesTableViewCell.swift in Sources */ = {isa = PBXBuildFile; fileRef = 63C430B51CC97369005519BE /* AsociacionesTableViewCell.swift */; };
		63C430DA1CC97369005519BE /* AsociacionesTableViewController.swift in Sources */ = {isa = PBXBuildFile; fileRef = 63C430B61CC97369005519BE /* AsociacionesTableViewController.swift */; };
		63C430DB1CC97369005519BE /* CBConcursosViewController.swift in Sources */ = {isa = PBXBuildFile; fileRef = 63C430B71CC97369005519BE /* CBConcursosViewController.swift */; };
		63C430DC1CC97369005519BE /* CBCuponesViewController.swift in Sources */ = {isa = PBXBuildFile; fileRef = 63C430B81CC97369005519BE /* CBCuponesViewController.swift */; };
		63C430DE1CC97369005519BE /* ConcursosTableViewCell.swift in Sources */ = {isa = PBXBuildFile; fileRef = 63C430BA1CC97369005519BE /* ConcursosTableViewCell.swift */; };
		63C430DF1CC97369005519BE /* ConcursosTableViewController.swift in Sources */ = {isa = PBXBuildFile; fileRef = 63C430BB1CC97369005519BE /* ConcursosTableViewController.swift */; };
		63C430E01CC97369005519BE /* CuponesTableViewCell.swift in Sources */ = {isa = PBXBuildFile; fileRef = 63C430BC1CC97369005519BE /* CuponesTableViewCell.swift */; };
		63C430E11CC97369005519BE /* CuponesTableViewController.swift in Sources */ = {isa = PBXBuildFile; fileRef = 63C430BD1CC97369005519BE /* CuponesTableViewController.swift */; };
		63C430E21CC97369005519BE /* DetalleAsociacionesViewController.swift in Sources */ = {isa = PBXBuildFile; fileRef = 63C430BE1CC97369005519BE /* DetalleAsociacionesViewController.swift */; };
		63C430E31CC97369005519BE /* DetalleConcursosViewController.swift in Sources */ = {isa = PBXBuildFile; fileRef = 63C430BF1CC97369005519BE /* DetalleConcursosViewController.swift */; };
		63C430E41CC97369005519BE /* DetalleCuponesViewController.swift in Sources */ = {isa = PBXBuildFile; fileRef = 63C430C01CC97369005519BE /* DetalleCuponesViewController.swift */; };
		63C430E51CC97369005519BE /* DetalleOfertasViewController.swift in Sources */ = {isa = PBXBuildFile; fileRef = 63C430C11CC97369005519BE /* DetalleOfertasViewController.swift */; };
		63C430E61CC97369005519BE /* IntroRegisterViewController.swift in Sources */ = {isa = PBXBuildFile; fileRef = 63C430C21CC97369005519BE /* IntroRegisterViewController.swift */; };
		63C430E71CC97369005519BE /* MenuController.swift in Sources */ = {isa = PBXBuildFile; fileRef = 63C430C31CC97369005519BE /* MenuController.swift */; };
		63C430E81CC97369005519BE /* MovimientosTableViewCell.swift in Sources */ = {isa = PBXBuildFile; fileRef = 63C430C41CC97369005519BE /* MovimientosTableViewCell.swift */; };
		63C430E91CC97369005519BE /* MovimientosTableViewController.swift in Sources */ = {isa = PBXBuildFile; fileRef = 63C430C51CC97369005519BE /* MovimientosTableViewController.swift */; };
		63C430EA1CC97369005519BE /* OfertasTableViewCell.swift in Sources */ = {isa = PBXBuildFile; fileRef = 63C430C61CC97369005519BE /* OfertasTableViewCell.swift */; };
		63C430EB1CC97369005519BE /* OfertasTableViewController.swift in Sources */ = {isa = PBXBuildFile; fileRef = 63C430C71CC97369005519BE /* OfertasTableViewController.swift */; };
		63C430EC1CC97369005519BE /* QRConcursosViewController.swift in Sources */ = {isa = PBXBuildFile; fileRef = 63C430C81CC97369005519BE /* QRConcursosViewController.swift */; };
		63C430ED1CC97369005519BE /* QRCuponesViewController.swift in Sources */ = {isa = PBXBuildFile; fileRef = 63C430C91CC97369005519BE /* QRCuponesViewController.swift */; };
		63C430EF1CC97369005519BE /* RegistrerViewController.swift in Sources */ = {isa = PBXBuildFile; fileRef = 63C430CB1CC97369005519BE /* RegistrerViewController.swift */; };
		63C430F01CC97369005519BE /* SetupImage.swift in Sources */ = {isa = PBXBuildFile; fileRef = 63C430CC1CC97369005519BE /* SetupImage.swift */; };
		63C430F11CC97369005519BE /* TerminosYCondicionesViewController.swift in Sources */ = {isa = PBXBuildFile; fileRef = 63C430CD1CC97369005519BE /* TerminosYCondicionesViewController.swift */; };
		63C430F21CC97369005519BE /* TOActividadModel.swift in Sources */ = {isa = PBXBuildFile; fileRef = 63C430CE1CC97369005519BE /* TOActividadModel.swift */; };
		63C430F31CC97369005519BE /* TOAPIDatabaseManager.swift in Sources */ = {isa = PBXBuildFile; fileRef = 63C430CF1CC97369005519BE /* TOAPIDatabaseManager.swift */; };
		63C430F41CC97369005519BE /* TOAsociacionModel.swift in Sources */ = {isa = PBXBuildFile; fileRef = 63C430D01CC97369005519BE /* TOAsociacionModel.swift */; };
		63C430F51CC97369005519BE /* TOAsociadoModel.swift in Sources */ = {isa = PBXBuildFile; fileRef = 63C430D11CC97369005519BE /* TOAsociadoModel.swift */; };
		63C430F61CC97369005519BE /* TOBannersModel.swift in Sources */ = {isa = PBXBuildFile; fileRef = 63C430D21CC97369005519BE /* TOBannersModel.swift */; };
		63C430F71CC97369005519BE /* TOConstantesModel.swift in Sources */ = {isa = PBXBuildFile; fileRef = 63C430D31CC97369005519BE /* TOConstantesModel.swift */; };
		63C430F81CC97369005519BE /* TOLocalidadModel.swift in Sources */ = {isa = PBXBuildFile; fileRef = 63C430D41CC97369005519BE /* TOLocalidadModel.swift */; };
		63C430F91CC97369005519BE /* TOMovimientoModel.swift in Sources */ = {isa = PBXBuildFile; fileRef = 63C430D51CC97369005519BE /* TOMovimientoModel.swift */; };
		63C430FA1CC97369005519BE /* TOOfertaModel.swift in Sources */ = {isa = PBXBuildFile; fileRef = 63C430D61CC97369005519BE /* TOOfertaModel.swift */; };
		63C430FB1CC97369005519BE /* TOPromocionModel.swift in Sources */ = {isa = PBXBuildFile; fileRef = 63C430D71CC97369005519BE /* TOPromocionModel.swift */; };
		63C430FC1CC97369005519BE /* TOUsuarioModel.swift in Sources */ = {isa = PBXBuildFile; fileRef = 63C430D81CC97369005519BE /* TOUsuarioModel.swift */; };
		63C431321CC97450005519BE /* backgroundIntro1.jpg in Resources */ = {isa = PBXBuildFile; fileRef = 63C431051CC97450005519BE /* backgroundIntro1.jpg */; };
		63C431331CC97450005519BE /* codigo-qr.jpg in Resources */ = {isa = PBXBuildFile; fileRef = 63C431061CC97450005519BE /* codigo-qr.jpg */; };
		63C431341CC97450005519BE /* Adolfo-círculo.png in Resources */ = {isa = PBXBuildFile; fileRef = 63C431071CC97450005519BE /* Adolfo-círculo.png */; };
		63C431351CC97450005519BE /* AJ_1.png in Resources */ = {isa = PBXBuildFile; fileRef = 63C431081CC97450005519BE /* AJ_1.png */; };
		63C431361CC97450005519BE /* AJ_2.png in Resources */ = {isa = PBXBuildFile; fileRef = 63C431091CC97450005519BE /* AJ_2.png */; };
		63C431371CC97450005519BE /* AJ_3.png in Resources */ = {isa = PBXBuildFile; fileRef = 63C4310A1CC97450005519BE /* AJ_3.png */; };
		63C431381CC97450005519BE /* AJ_4.png in Resources */ = {isa = PBXBuildFile; fileRef = 63C4310B1CC97450005519BE /* AJ_4.png */; };
		63C431391CC97450005519BE /* AJ_5.png in Resources */ = {isa = PBXBuildFile; fileRef = 63C4310C1CC97450005519BE /* AJ_5.png */; };
		63C4313A1CC97450005519BE /* AJ_6.png in Resources */ = {isa = PBXBuildFile; fileRef = 63C4310D1CC97450005519BE /* AJ_6.png */; };
		63C4313B1CC97450005519BE /* asociaciones@2x.png in Resources */ = {isa = PBXBuildFile; fileRef = 63C4310E1CC97450005519BE /* asociaciones@2x.png */; };
		63C4313C1CC97450005519BE /* background@2x.png in Resources */ = {isa = PBXBuildFile; fileRef = 63C4310F1CC97450005519BE /* background@2x.png */; };
		63C4313D1CC97450005519BE /* barcode.png in Resources */ = {isa = PBXBuildFile; fileRef = 63C431101CC97450005519BE /* barcode.png */; };
		63C4313E1CC97450005519BE /* camera.png in Resources */ = {isa = PBXBuildFile; fileRef = 63C431111CC97450005519BE /* camera.png */; };
		63C4313F1CC97450005519BE /* concursos@2x.png in Resources */ = {isa = PBXBuildFile; fileRef = 63C431121CC97450005519BE /* concursos@2x.png */; };
		63C431401CC97450005519BE /* cupones@2x.png in Resources */ = {isa = PBXBuildFile; fileRef = 63C431131CC97450005519BE /* cupones@2x.png */; };
		63C431411CC97450005519BE /* degradado@2x.png in Resources */ = {isa = PBXBuildFile; fileRef = 63C431141CC97450005519BE /* degradado@2x.png */; };
		63C431421CC97450005519BE /* fondo.png in Resources */ = {isa = PBXBuildFile; fileRef = 63C431151CC97450005519BE /* fondo.png */; };
		63C431431CC97450005519BE /* icon58x58@2x.png in Resources */ = {isa = PBXBuildFile; fileRef = 63C431161CC97450005519BE /* icon58x58@2x.png */; };
		63C431441CC97450005519BE /* icon80x80@2x.png in Resources */ = {isa = PBXBuildFile; fileRef = 63C431171CC97450005519BE /* icon80x80@2x.png */; };
		63C431451CC97450005519BE /* icon87x87@3x.png in Resources */ = {isa = PBXBuildFile; fileRef = 63C431181CC97450005519BE /* icon87x87@3x.png */; };
		63C431461CC97450005519BE /* icon120x120@2x.png in Resources */ = {isa = PBXBuildFile; fileRef = 63C431191CC97450005519BE /* icon120x120@2x.png */; };
		63C431471CC97450005519BE /* icon120x120@3x.png in Resources */ = {isa = PBXBuildFile; fileRef = 63C4311A1CC97450005519BE /* icon120x120@3x.png */; };
		63C431481CC97450005519BE /* icon180x180@3x.png in Resources */ = {isa = PBXBuildFile; fileRef = 63C4311B1CC97450005519BE /* icon180x180@3x.png */; };
		63C431491CC97450005519BE /* iconoCMSAppStore.png in Resources */ = {isa = PBXBuildFile; fileRef = 63C4311C1CC97450005519BE /* iconoCMSAppStore.png */; };
		63C4314A1CC97450005519BE /* iconoLaunchScreeniOS.png in Resources */ = {isa = PBXBuildFile; fileRef = 63C4311D1CC97450005519BE /* iconoLaunchScreeniOS.png */; };
		63C4314B1CC97450005519BE /* legal@2x.png in Resources */ = {isa = PBXBuildFile; fileRef = 63C4311E1CC97450005519BE /* legal@2x.png */; };
		63C4314C1CC97450005519BE /* letter.png in Resources */ = {isa = PBXBuildFile; fileRef = 63C4311F1CC97450005519BE /* letter.png */; };
		63C4314D1CC97450005519BE /* like.png in Resources */ = {isa = PBXBuildFile; fileRef = 63C431201CC97450005519BE /* like.png */; };
		63C4314E1CC97450005519BE /* logout@2x.png in Resources */ = {isa = PBXBuildFile; fileRef = 63C431211CC97450005519BE /* logout@2x.png */; };
		63C4314F1CC97450005519BE /* mail@2x.png in Resources */ = {isa = PBXBuildFile; fileRef = 63C431221CC97450005519BE /* mail@2x.png */; };
		63C431501CC97450005519BE /* menu@2x.png in Resources */ = {isa = PBXBuildFile; fileRef = 63C431231CC97450005519BE /* menu@2x.png */; };
		63C431511CC97450005519BE /* nation.png in Resources */ = {isa = PBXBuildFile; fileRef = 63C431241CC97450005519BE /* nation.png */; };
		63C431521CC97450005519BE /* ofertas.png in Resources */ = {isa = PBXBuildFile; fileRef = 63C431251CC97450005519BE /* ofertas.png */; };
		63C431531CC97450005519BE /* personMenu@2x.png in Resources */ = {isa = PBXBuildFile; fileRef = 63C431261CC97450005519BE /* personMenu@2x.png */; };
		63C431541CC97450005519BE /* placeholderPerson.png in Resources */ = {isa = PBXBuildFile; fileRef = 63C431271CC97450005519BE /* placeholderPerson.png */; };
		63C431551CC97450005519BE /* puntos@2x.png in Resources */ = {isa = PBXBuildFile; fileRef = 63C431281CC97450005519BE /* puntos@2x.png */; };
		63C431561CC97450005519BE /* rateApp@2x.png in Resources */ = {isa = PBXBuildFile; fileRef = 63C431291CC97450005519BE /* rateApp@2x.png */; };
		63C431571CC97450005519BE /* reloadImage.png in Resources */ = {isa = PBXBuildFile; fileRef = 63C4312A1CC97450005519BE /* reloadImage.png */; };
		63C431581CC97450005519BE /* shape.png in Resources */ = {isa = PBXBuildFile; fileRef = 63C4312B1CC97450005519BE /* shape.png */; };
		63C431591CC97450005519BE /* signature.png in Resources */ = {isa = PBXBuildFile; fileRef = 63C4312C1CC97450005519BE /* signature.png */; };
		63C4315A1CC97450005519BE /* symbol.png in Resources */ = {isa = PBXBuildFile; fileRef = 63C4312D1CC97450005519BE /* symbol.png */; };
		63C4315B1CC97450005519BE /* symbols.png in Resources */ = {isa = PBXBuildFile; fileRef = 63C4312E1CC97450005519BE /* symbols.png */; };
		63C4315C1CC97450005519BE /* technology.png in Resources */ = {isa = PBXBuildFile; fileRef = 63C4312F1CC97450005519BE /* technology.png */; };
		63C4315D1CC97450005519BE /* tusofertas-logo.png in Resources */ = {isa = PBXBuildFile; fileRef = 63C431301CC97450005519BE /* tusofertas-logo.png */; };
		63C4315E1CC97450005519BE /* tusOfertas@2x.png in Resources */ = {isa = PBXBuildFile; fileRef = 63C431311CC97450005519BE /* tusOfertas@2x.png */; };
		63C431691CC97522005519BE /* Bolts.framework in Frameworks */ = {isa = PBXBuildFile; fileRef = 63C431661CC97522005519BE /* Bolts.framework */; };
		63C4316A1CC97522005519BE /* Parse.framework in Frameworks */ = {isa = PBXBuildFile; fileRef = 63C431671CC97522005519BE /* Parse.framework */; };
		63C4316B1CC97522005519BE /* ParseUI.framework in Frameworks */ = {isa = PBXBuildFile; fileRef = 63C431681CC97522005519BE /* ParseUI.framework */; };
		63C431741CC97558005519BE /* AudioToolbox.framework in Frameworks */ = {isa = PBXBuildFile; fileRef = 63C4316D1CC97558005519BE /* AudioToolbox.framework */; };
		63C431751CC97558005519BE /* CFNetwork.framework in Frameworks */ = {isa = PBXBuildFile; fileRef = 63C4316E1CC97558005519BE /* CFNetwork.framework */; };
		63C431761CC97558005519BE /* CoreGraphics.framework in Frameworks */ = {isa = PBXBuildFile; fileRef = 63C4316F1CC97558005519BE /* CoreGraphics.framework */; };
		63C431771CC97558005519BE /* CoreLocation.framework in Frameworks */ = {isa = PBXBuildFile; fileRef = 63C431701CC97558005519BE /* CoreLocation.framework */; };
		63C431781CC97558005519BE /* Security.framework in Frameworks */ = {isa = PBXBuildFile; fileRef = 63C431711CC97558005519BE /* Security.framework */; };
		63C4317A1CC97558005519BE /* SystemConfiguration.framework in Frameworks */ = {isa = PBXBuildFile; fileRef = 63C431731CC97558005519BE /* SystemConfiguration.framework */; };
		63C4317C1CC97567005519BE /* libz.tbd in Frameworks */ = {isa = PBXBuildFile; fileRef = 63C4317B1CC97567005519BE /* libz.tbd */; };
		63C4317E1CC9756F005519BE /* libsqlite3.tbd in Frameworks */ = {isa = PBXBuildFile; fileRef = 63C4317D1CC9756F005519BE /* libsqlite3.tbd */; };
		63C431811CC976BF005519BE /* Podfile in Resources */ = {isa = PBXBuildFile; fileRef = 63C431801CC976BF005519BE /* Podfile */; };
		63C431831CC97B06005519BE /* SwiftyJSON.framework in Frameworks */ = {isa = PBXBuildFile; fileRef = 63C431821CC97B06005519BE /* SwiftyJSON.framework */; };
		63C431841CC97B06005519BE /* SwiftyJSON.framework in Embed Frameworks */ = {isa = PBXBuildFile; fileRef = 63C431821CC97B06005519BE /* SwiftyJSON.framework */; settings = {ATTRIBUTES = (CodeSignOnCopy, RemoveHeadersOnCopy, ); }; };
		63F22F6A1CC9FE1900F49248 /* SWRevealViewController.m in Sources */ = {isa = PBXBuildFile; fileRef = 63F22F691CC9FE1900F49248 /* SWRevealViewController.m */; };
		63F22F701CCA0A7400F49248 /* MapKit.framework in Frameworks */ = {isa = PBXBuildFile; fileRef = 63F22F6F1CCA0A7400F49248 /* MapKit.framework */; };
		63F22F751CCAAFE500F49248 /* qr2@2x.png in Resources */ = {isa = PBXBuildFile; fileRef = 63F22F711CCAAFE500F49248 /* qr2@2x.png */; };
		63F22F761CCAAFE500F49248 /* qr1@2x.png in Resources */ = {isa = PBXBuildFile; fileRef = 63F22F721CCAAFE500F49248 /* qr1@2x.png */; };
		63F22F771CCAAFE500F49248 /* qr@2x.png in Resources */ = {isa = PBXBuildFile; fileRef = 63F22F731CCAAFE500F49248 /* qr@2x.png */; };
		63F22F781CCAAFE500F49248 /* backgroundMan@2x.png in Resources */ = {isa = PBXBuildFile; fileRef = 63F22F741CCAAFE500F49248 /* backgroundMan@2x.png */; };
		63F22F981CCACE3500F49248 /* cerrasX@2x.png in Resources */ = {isa = PBXBuildFile; fileRef = 63F22F971CCACE3500F49248 /* cerrasX@2x.png */; };
		63F22F9A1CCACEAA00F49248 /* WebDetalleViewController.swift in Sources */ = {isa = PBXBuildFile; fileRef = 63F22F991CCACEAA00F49248 /* WebDetalleViewController.swift */; };
/* End PBXBuildFile section */

/* Begin PBXCopyFilesBuildPhase section */
		63C431851CC97B07005519BE /* Embed Frameworks */ = {
			isa = PBXCopyFilesBuildPhase;
			buildActionMask = 2147483647;
			dstPath = "";
			dstSubfolderSpec = 10;
			files = (
				63C431841CC97B06005519BE /* SwiftyJSON.framework in Embed Frameworks */,
				638E37BB1CC97D4B00E64C9D /* Pods_CSolidario.framework in Embed Frameworks */,
			);
			name = "Embed Frameworks";
			runOnlyForDeploymentPostprocessing = 0;
		};
/* End PBXCopyFilesBuildPhase section */

/* Begin PBXFileReference section */
		0EF1A9D973292872D2CF6A37 /* Pods-CSolidario.debug.xcconfig */ = {isa = PBXFileReference; includeInIndex = 1; lastKnownFileType = text.xcconfig; name = "Pods-CSolidario.debug.xcconfig"; path = "Pods/Target Support Files/Pods-CSolidario/Pods-CSolidario.debug.xcconfig"; sourceTree = "<group>"; };
		63C4309E1CC9730D005519BE /* CSolidario.app */ = {isa = PBXFileReference; explicitFileType = wrapper.application; includeInIndex = 0; path = CSolidario.app; sourceTree = BUILT_PRODUCTS_DIR; };
		63C430A11CC9730E005519BE /* AppDelegate.swift */ = {isa = PBXFileReference; lastKnownFileType = sourcecode.swift; path = AppDelegate.swift; sourceTree = "<group>"; };
		63C430A81CC9730E005519BE /* Assets.xcassets */ = {isa = PBXFileReference; lastKnownFileType = folder.assetcatalog; path = Assets.xcassets; sourceTree = "<group>"; };
		63C430AB1CC9730E005519BE /* Base */ = {isa = PBXFileReference; lastKnownFileType = file.storyboard; name = Base; path = Base.lproj/LaunchScreen.storyboard; sourceTree = "<group>"; };
		63C430AD1CC9730E005519BE /* Info.plist */ = {isa = PBXFileReference; lastKnownFileType = text.plist.xml; path = Info.plist; sourceTree = "<group>"; };
		63C430B31CC97338005519BE /* Main.storyboard */ = {isa = PBXFileReference; fileEncoding = 4; lastKnownFileType = file.storyboard; path = Main.storyboard; sourceTree = "<group>"; };
		63C430B51CC97369005519BE /* AsociacionesTableViewCell.swift */ = {isa = PBXFileReference; fileEncoding = 4; lastKnownFileType = sourcecode.swift; path = AsociacionesTableViewCell.swift; sourceTree = "<group>"; };
		63C430B61CC97369005519BE /* AsociacionesTableViewController.swift */ = {isa = PBXFileReference; fileEncoding = 4; lastKnownFileType = sourcecode.swift; path = AsociacionesTableViewController.swift; sourceTree = "<group>"; };
		63C430B71CC97369005519BE /* CBConcursosViewController.swift */ = {isa = PBXFileReference; fileEncoding = 4; lastKnownFileType = sourcecode.swift; path = CBConcursosViewController.swift; sourceTree = "<group>"; };
		63C430B81CC97369005519BE /* CBCuponesViewController.swift */ = {isa = PBXFileReference; fileEncoding = 4; lastKnownFileType = sourcecode.swift; path = CBCuponesViewController.swift; sourceTree = "<group>"; };
		63C430BA1CC97369005519BE /* ConcursosTableViewCell.swift */ = {isa = PBXFileReference; fileEncoding = 4; lastKnownFileType = sourcecode.swift; path = ConcursosTableViewCell.swift; sourceTree = "<group>"; };
		63C430BB1CC97369005519BE /* ConcursosTableViewController.swift */ = {isa = PBXFileReference; fileEncoding = 4; lastKnownFileType = sourcecode.swift; path = ConcursosTableViewController.swift; sourceTree = "<group>"; };
		63C430BC1CC97369005519BE /* CuponesTableViewCell.swift */ = {isa = PBXFileReference; fileEncoding = 4; lastKnownFileType = sourcecode.swift; path = CuponesTableViewCell.swift; sourceTree = "<group>"; };
		63C430BD1CC97369005519BE /* CuponesTableViewController.swift */ = {isa = PBXFileReference; fileEncoding = 4; lastKnownFileType = sourcecode.swift; path = CuponesTableViewController.swift; sourceTree = "<group>"; };
		63C430BE1CC97369005519BE /* DetalleAsociacionesViewController.swift */ = {isa = PBXFileReference; fileEncoding = 4; lastKnownFileType = sourcecode.swift; path = DetalleAsociacionesViewController.swift; sourceTree = "<group>"; };
		63C430BF1CC97369005519BE /* DetalleConcursosViewController.swift */ = {isa = PBXFileReference; fileEncoding = 4; lastKnownFileType = sourcecode.swift; path = DetalleConcursosViewController.swift; sourceTree = "<group>"; };
		63C430C01CC97369005519BE /* DetalleCuponesViewController.swift */ = {isa = PBXFileReference; fileEncoding = 4; lastKnownFileType = sourcecode.swift; path = DetalleCuponesViewController.swift; sourceTree = "<group>"; };
		63C430C11CC97369005519BE /* DetalleOfertasViewController.swift */ = {isa = PBXFileReference; fileEncoding = 4; lastKnownFileType = sourcecode.swift; path = DetalleOfertasViewController.swift; sourceTree = "<group>"; };
		63C430C21CC97369005519BE /* IntroRegisterViewController.swift */ = {isa = PBXFileReference; fileEncoding = 4; lastKnownFileType = sourcecode.swift; path = IntroRegisterViewController.swift; sourceTree = "<group>"; };
		63C430C31CC97369005519BE /* MenuController.swift */ = {isa = PBXFileReference; fileEncoding = 4; lastKnownFileType = sourcecode.swift; path = MenuController.swift; sourceTree = "<group>"; };
		63C430C41CC97369005519BE /* MovimientosTableViewCell.swift */ = {isa = PBXFileReference; fileEncoding = 4; lastKnownFileType = sourcecode.swift; path = MovimientosTableViewCell.swift; sourceTree = "<group>"; };
		63C430C51CC97369005519BE /* MovimientosTableViewController.swift */ = {isa = PBXFileReference; fileEncoding = 4; lastKnownFileType = sourcecode.swift; path = MovimientosTableViewController.swift; sourceTree = "<group>"; };
		63C430C61CC97369005519BE /* OfertasTableViewCell.swift */ = {isa = PBXFileReference; fileEncoding = 4; lastKnownFileType = sourcecode.swift; path = OfertasTableViewCell.swift; sourceTree = "<group>"; };
		63C430C71CC97369005519BE /* OfertasTableViewController.swift */ = {isa = PBXFileReference; fileEncoding = 4; lastKnownFileType = sourcecode.swift; path = OfertasTableViewController.swift; sourceTree = "<group>"; };
		63C430C81CC97369005519BE /* QRConcursosViewController.swift */ = {isa = PBXFileReference; fileEncoding = 4; lastKnownFileType = sourcecode.swift; path = QRConcursosViewController.swift; sourceTree = "<group>"; };
		63C430C91CC97369005519BE /* QRCuponesViewController.swift */ = {isa = PBXFileReference; fileEncoding = 4; lastKnownFileType = sourcecode.swift; path = QRCuponesViewController.swift; sourceTree = "<group>"; };
		63C430CB1CC97369005519BE /* RegistrerViewController.swift */ = {isa = PBXFileReference; fileEncoding = 4; lastKnownFileType = sourcecode.swift; path = RegistrerViewController.swift; sourceTree = "<group>"; };
		63C430CC1CC97369005519BE /* SetupImage.swift */ = {isa = PBXFileReference; fileEncoding = 4; lastKnownFileType = sourcecode.swift; path = SetupImage.swift; sourceTree = "<group>"; };
		63C430CD1CC97369005519BE /* TerminosYCondicionesViewController.swift */ = {isa = PBXFileReference; fileEncoding = 4; lastKnownFileType = sourcecode.swift; path = TerminosYCondicionesViewController.swift; sourceTree = "<group>"; };
		63C430CE1CC97369005519BE /* TOActividadModel.swift */ = {isa = PBXFileReference; fileEncoding = 4; lastKnownFileType = sourcecode.swift; path = TOActividadModel.swift; sourceTree = "<group>"; };
		63C430CF1CC97369005519BE /* TOAPIDatabaseManager.swift */ = {isa = PBXFileReference; fileEncoding = 4; lastKnownFileType = sourcecode.swift; path = TOAPIDatabaseManager.swift; sourceTree = "<group>"; };
		63C430D01CC97369005519BE /* TOAsociacionModel.swift */ = {isa = PBXFileReference; fileEncoding = 4; lastKnownFileType = sourcecode.swift; path = TOAsociacionModel.swift; sourceTree = "<group>"; };
		63C430D11CC97369005519BE /* TOAsociadoModel.swift */ = {isa = PBXFileReference; fileEncoding = 4; lastKnownFileType = sourcecode.swift; path = TOAsociadoModel.swift; sourceTree = "<group>"; };
		63C430D21CC97369005519BE /* TOBannersModel.swift */ = {isa = PBXFileReference; fileEncoding = 4; lastKnownFileType = sourcecode.swift; path = TOBannersModel.swift; sourceTree = "<group>"; };
		63C430D31CC97369005519BE /* TOConstantesModel.swift */ = {isa = PBXFileReference; fileEncoding = 4; lastKnownFileType = sourcecode.swift; path = TOConstantesModel.swift; sourceTree = "<group>"; };
		63C430D41CC97369005519BE /* TOLocalidadModel.swift */ = {isa = PBXFileReference; fileEncoding = 4; lastKnownFileType = sourcecode.swift; path = TOLocalidadModel.swift; sourceTree = "<group>"; };
		63C430D51CC97369005519BE /* TOMovimientoModel.swift */ = {isa = PBXFileReference; fileEncoding = 4; lastKnownFileType = sourcecode.swift; path = TOMovimientoModel.swift; sourceTree = "<group>"; };
		63C430D61CC97369005519BE /* TOOfertaModel.swift */ = {isa = PBXFileReference; fileEncoding = 4; lastKnownFileType = sourcecode.swift; path = TOOfertaModel.swift; sourceTree = "<group>"; };
		63C430D71CC97369005519BE /* TOPromocionModel.swift */ = {isa = PBXFileReference; fileEncoding = 4; lastKnownFileType = sourcecode.swift; path = TOPromocionModel.swift; sourceTree = "<group>"; };
		63C430D81CC97369005519BE /* TOUsuarioModel.swift */ = {isa = PBXFileReference; fileEncoding = 4; lastKnownFileType = sourcecode.swift; path = TOUsuarioModel.swift; sourceTree = "<group>"; };
		63C431051CC97450005519BE /* backgroundIntro1.jpg */ = {isa = PBXFileReference; lastKnownFileType = image.jpeg; path = backgroundIntro1.jpg; sourceTree = "<group>"; };
		63C431061CC97450005519BE /* codigo-qr.jpg */ = {isa = PBXFileReference; lastKnownFileType = image.jpeg; path = "codigo-qr.jpg"; sourceTree = "<group>"; };
		63C431071CC97450005519BE /* Adolfo-círculo.png */ = {isa = PBXFileReference; lastKnownFileType = image.png; path = "Adolfo-círculo.png"; sourceTree = "<group>"; };
		63C431081CC97450005519BE /* AJ_1.png */ = {isa = PBXFileReference; lastKnownFileType = image.png; path = AJ_1.png; sourceTree = "<group>"; };
		63C431091CC97450005519BE /* AJ_2.png */ = {isa = PBXFileReference; lastKnownFileType = image.png; path = AJ_2.png; sourceTree = "<group>"; };
		63C4310A1CC97450005519BE /* AJ_3.png */ = {isa = PBXFileReference; lastKnownFileType = image.png; path = AJ_3.png; sourceTree = "<group>"; };
		63C4310B1CC97450005519BE /* AJ_4.png */ = {isa = PBXFileReference; lastKnownFileType = image.png; path = AJ_4.png; sourceTree = "<group>"; };
		63C4310C1CC97450005519BE /* AJ_5.png */ = {isa = PBXFileReference; lastKnownFileType = image.png; path = AJ_5.png; sourceTree = "<group>"; };
		63C4310D1CC97450005519BE /* AJ_6.png */ = {isa = PBXFileReference; lastKnownFileType = image.png; path = AJ_6.png; sourceTree = "<group>"; };
		63C4310E1CC97450005519BE /* asociaciones@2x.png */ = {isa = PBXFileReference; lastKnownFileType = image.png; path = "asociaciones@2x.png"; sourceTree = "<group>"; };
		63C4310F1CC97450005519BE /* background@2x.png */ = {isa = PBXFileReference; lastKnownFileType = image.png; path = "background@2x.png"; sourceTree = "<group>"; };
		63C431101CC97450005519BE /* barcode.png */ = {isa = PBXFileReference; lastKnownFileType = image.png; path = barcode.png; sourceTree = "<group>"; };
		63C431111CC97450005519BE /* camera.png */ = {isa = PBXFileReference; lastKnownFileType = image.png; path = camera.png; sourceTree = "<group>"; };
		63C431121CC97450005519BE /* concursos@2x.png */ = {isa = PBXFileReference; lastKnownFileType = image.png; path = "concursos@2x.png"; sourceTree = "<group>"; };
		63C431131CC97450005519BE /* cupones@2x.png */ = {isa = PBXFileReference; lastKnownFileType = image.png; path = "cupones@2x.png"; sourceTree = "<group>"; };
		63C431141CC97450005519BE /* degradado@2x.png */ = {isa = PBXFileReference; lastKnownFileType = image.png; path = "degradado@2x.png"; sourceTree = "<group>"; };
		63C431151CC97450005519BE /* fondo.png */ = {isa = PBXFileReference; lastKnownFileType = image.png; path = fondo.png; sourceTree = "<group>"; };
		63C431161CC97450005519BE /* icon58x58@2x.png */ = {isa = PBXFileReference; lastKnownFileType = image.png; path = "icon58x58@2x.png"; sourceTree = "<group>"; };
		63C431171CC97450005519BE /* icon80x80@2x.png */ = {isa = PBXFileReference; lastKnownFileType = image.png; path = "icon80x80@2x.png"; sourceTree = "<group>"; };
		63C431181CC97450005519BE /* icon87x87@3x.png */ = {isa = PBXFileReference; lastKnownFileType = image.png; path = "icon87x87@3x.png"; sourceTree = "<group>"; };
		63C431191CC97450005519BE /* icon120x120@2x.png */ = {isa = PBXFileReference; lastKnownFileType = image.png; path = "icon120x120@2x.png"; sourceTree = "<group>"; };
		63C4311A1CC97450005519BE /* icon120x120@3x.png */ = {isa = PBXFileReference; lastKnownFileType = image.png; path = "icon120x120@3x.png"; sourceTree = "<group>"; };
		63C4311B1CC97450005519BE /* icon180x180@3x.png */ = {isa = PBXFileReference; lastKnownFileType = image.png; path = "icon180x180@3x.png"; sourceTree = "<group>"; };
		63C4311C1CC97450005519BE /* iconoCMSAppStore.png */ = {isa = PBXFileReference; lastKnownFileType = image.png; path = iconoCMSAppStore.png; sourceTree = "<group>"; };
		63C4311D1CC97450005519BE /* iconoLaunchScreeniOS.png */ = {isa = PBXFileReference; lastKnownFileType = image.png; path = iconoLaunchScreeniOS.png; sourceTree = "<group>"; };
		63C4311E1CC97450005519BE /* legal@2x.png */ = {isa = PBXFileReference; lastKnownFileType = image.png; path = "legal@2x.png"; sourceTree = "<group>"; };
		63C4311F1CC97450005519BE /* letter.png */ = {isa = PBXFileReference; lastKnownFileType = image.png; path = letter.png; sourceTree = "<group>"; };
		63C431201CC97450005519BE /* like.png */ = {isa = PBXFileReference; lastKnownFileType = image.png; path = like.png; sourceTree = "<group>"; };
		63C431211CC97450005519BE /* logout@2x.png */ = {isa = PBXFileReference; lastKnownFileType = image.png; path = "logout@2x.png"; sourceTree = "<group>"; };
		63C431221CC97450005519BE /* mail@2x.png */ = {isa = PBXFileReference; lastKnownFileType = image.png; path = "mail@2x.png"; sourceTree = "<group>"; };
		63C431231CC97450005519BE /* menu@2x.png */ = {isa = PBXFileReference; lastKnownFileType = image.png; path = "menu@2x.png"; sourceTree = "<group>"; };
		63C431241CC97450005519BE /* nation.png */ = {isa = PBXFileReference; lastKnownFileType = image.png; path = nation.png; sourceTree = "<group>"; };
		63C431251CC97450005519BE /* ofertas.png */ = {isa = PBXFileReference; lastKnownFileType = image.png; path = ofertas.png; sourceTree = "<group>"; };
		63C431261CC97450005519BE /* personMenu@2x.png */ = {isa = PBXFileReference; lastKnownFileType = image.png; path = "personMenu@2x.png"; sourceTree = "<group>"; };
		63C431271CC97450005519BE /* placeholderPerson.png */ = {isa = PBXFileReference; lastKnownFileType = image.png; path = placeholderPerson.png; sourceTree = "<group>"; };
		63C431281CC97450005519BE /* puntos@2x.png */ = {isa = PBXFileReference; lastKnownFileType = image.png; path = "puntos@2x.png"; sourceTree = "<group>"; };
		63C431291CC97450005519BE /* rateApp@2x.png */ = {isa = PBXFileReference; lastKnownFileType = image.png; path = "rateApp@2x.png"; sourceTree = "<group>"; };
		63C4312A1CC97450005519BE /* reloadImage.png */ = {isa = PBXFileReference; lastKnownFileType = image.png; path = reloadImage.png; sourceTree = "<group>"; };
		63C4312B1CC97450005519BE /* shape.png */ = {isa = PBXFileReference; lastKnownFileType = image.png; path = shape.png; sourceTree = "<group>"; };
		63C4312C1CC97450005519BE /* signature.png */ = {isa = PBXFileReference; lastKnownFileType = image.png; path = signature.png; sourceTree = "<group>"; };
		63C4312D1CC97450005519BE /* symbol.png */ = {isa = PBXFileReference; lastKnownFileType = image.png; path = symbol.png; sourceTree = "<group>"; };
		63C4312E1CC97450005519BE /* symbols.png */ = {isa = PBXFileReference; lastKnownFileType = image.png; path = symbols.png; sourceTree = "<group>"; };
		63C4312F1CC97450005519BE /* technology.png */ = {isa = PBXFileReference; lastKnownFileType = image.png; path = technology.png; sourceTree = "<group>"; };
		63C431301CC97450005519BE /* tusofertas-logo.png */ = {isa = PBXFileReference; lastKnownFileType = image.png; path = "tusofertas-logo.png"; sourceTree = "<group>"; };
		63C431311CC97450005519BE /* tusOfertas@2x.png */ = {isa = PBXFileReference; lastKnownFileType = image.png; path = "tusOfertas@2x.png"; sourceTree = "<group>"; };
		63C431661CC97522005519BE /* Bolts.framework */ = {isa = PBXFileReference; lastKnownFileType = wrapper.framework; path = Bolts.framework; sourceTree = "<group>"; };
		63C431671CC97522005519BE /* Parse.framework */ = {isa = PBXFileReference; lastKnownFileType = wrapper.framework; path = Parse.framework; sourceTree = "<group>"; };
		63C431681CC97522005519BE /* ParseUI.framework */ = {isa = PBXFileReference; lastKnownFileType = wrapper.framework; path = ParseUI.framework; sourceTree = "<group>"; };
		63C4316D1CC97558005519BE /* AudioToolbox.framework */ = {isa = PBXFileReference; lastKnownFileType = wrapper.framework; name = AudioToolbox.framework; path = System/Library/Frameworks/AudioToolbox.framework; sourceTree = SDKROOT; };
		63C4316E1CC97558005519BE /* CFNetwork.framework */ = {isa = PBXFileReference; lastKnownFileType = wrapper.framework; name = CFNetwork.framework; path = System/Library/Frameworks/CFNetwork.framework; sourceTree = SDKROOT; };
		63C4316F1CC97558005519BE /* CoreGraphics.framework */ = {isa = PBXFileReference; lastKnownFileType = wrapper.framework; name = CoreGraphics.framework; path = System/Library/Frameworks/CoreGraphics.framework; sourceTree = SDKROOT; };
		63C431701CC97558005519BE /* CoreLocation.framework */ = {isa = PBXFileReference; lastKnownFileType = wrapper.framework; name = CoreLocation.framework; path = System/Library/Frameworks/CoreLocation.framework; sourceTree = SDKROOT; };
		63C431711CC97558005519BE /* Security.framework */ = {isa = PBXFileReference; lastKnownFileType = wrapper.framework; name = Security.framework; path = System/Library/Frameworks/Security.framework; sourceTree = SDKROOT; };
		63C431731CC97558005519BE /* SystemConfiguration.framework */ = {isa = PBXFileReference; lastKnownFileType = wrapper.framework; name = SystemConfiguration.framework; path = System/Library/Frameworks/SystemConfiguration.framework; sourceTree = SDKROOT; };
		63C4317B1CC97567005519BE /* libz.tbd */ = {isa = PBXFileReference; lastKnownFileType = "sourcecode.text-based-dylib-definition"; name = libz.tbd; path = usr/lib/libz.tbd; sourceTree = SDKROOT; };
		63C4317D1CC9756F005519BE /* libsqlite3.tbd */ = {isa = PBXFileReference; lastKnownFileType = "sourcecode.text-based-dylib-definition"; name = libsqlite3.tbd; path = usr/lib/libsqlite3.tbd; sourceTree = SDKROOT; };
		63C431801CC976BF005519BE /* Podfile */ = {isa = PBXFileReference; fileEncoding = 4; lastKnownFileType = text; path = Podfile; sourceTree = "<group>"; xcLanguageSpecificationIdentifier = xcode.lang.ruby; };
		63C431821CC97B06005519BE /* SwiftyJSON.framework */ = {isa = PBXFileReference; explicitFileType = wrapper.framework; name = SwiftyJSON.framework; path = "/Users/David/Library/Developer/Xcode/DerivedData/CSolidario-arobwizoesbrdvcnttuwvvzeragc/Build/Products/Debug-iphoneos/SwiftyJSON.framework"; sourceTree = "<absolute>"; };
		63F22F681CC9FE1900F49248 /* SWRevealViewController.h */ = {isa = PBXFileReference; fileEncoding = 4; lastKnownFileType = sourcecode.c.h; path = SWRevealViewController.h; sourceTree = "<group>"; };
		63F22F691CC9FE1900F49248 /* SWRevealViewController.m */ = {isa = PBXFileReference; fileEncoding = 4; lastKnownFileType = sourcecode.c.objc; path = SWRevealViewController.m; sourceTree = "<group>"; };
		63F22F6C1CC9FE8600F49248 /* CSolidario-Bridging-Header.h */ = {isa = PBXFileReference; fileEncoding = 4; lastKnownFileType = sourcecode.c.h; path = "CSolidario-Bridging-Header.h"; sourceTree = "<group>"; };
		63F22F6F1CCA0A7400F49248 /* MapKit.framework */ = {isa = PBXFileReference; lastKnownFileType = wrapper.framework; name = MapKit.framework; path = System/Library/Frameworks/MapKit.framework; sourceTree = SDKROOT; };
		63F22F711CCAAFE500F49248 /* qr2@2x.png */ = {isa = PBXFileReference; lastKnownFileType = image.png; path = "qr2@2x.png"; sourceTree = "<group>"; };
		63F22F721CCAAFE500F49248 /* qr1@2x.png */ = {isa = PBXFileReference; lastKnownFileType = image.png; path = "qr1@2x.png"; sourceTree = "<group>"; };
		63F22F731CCAAFE500F49248 /* qr@2x.png */ = {isa = PBXFileReference; lastKnownFileType = image.png; path = "qr@2x.png"; sourceTree = "<group>"; };
		63F22F741CCAAFE500F49248 /* backgroundMan@2x.png */ = {isa = PBXFileReference; lastKnownFileType = image.png; path = "backgroundMan@2x.png"; sourceTree = "<group>"; };
		63F22F971CCACE3500F49248 /* cerrasX@2x.png */ = {isa = PBXFileReference; lastKnownFileType = image.png; path = "cerrasX@2x.png"; sourceTree = "<group>"; };
		63F22F991CCACEAA00F49248 /* WebDetalleViewController.swift */ = {isa = PBXFileReference; fileEncoding = 4; lastKnownFileType = sourcecode.swift; path = WebDetalleViewController.swift; sourceTree = "<group>"; };
		85F14120EFACD333A85ED4B4 /* Pods_CSolidario.framework */ = {isa = PBXFileReference; explicitFileType = wrapper.framework; includeInIndex = 0; path = Pods_CSolidario.framework; sourceTree = BUILT_PRODUCTS_DIR; };
		CC492B4DA5E1F2F66157BA06 /* Pods-CSolidario.release.xcconfig */ = {isa = PBXFileReference; includeInIndex = 1; lastKnownFileType = text.xcconfig; name = "Pods-CSolidario.release.xcconfig"; path = "Pods/Target Support Files/Pods-CSolidario/Pods-CSolidario.release.xcconfig"; sourceTree = "<group>"; };
/* End PBXFileReference section */

/* Begin PBXFrameworksBuildPhase section */
		63C4309B1CC9730D005519BE /* Frameworks */ = {
			isa = PBXFrameworksBuildPhase;
			buildActionMask = 2147483647;
			files = (
				63F22F701CCA0A7400F49248 /* MapKit.framework in Frameworks */,
				63C4317E1CC9756F005519BE /* libsqlite3.tbd in Frameworks */,
				63C4317C1CC97567005519BE /* libz.tbd in Frameworks */,
				63C431741CC97558005519BE /* AudioToolbox.framework in Frameworks */,
				63C431751CC97558005519BE /* CFNetwork.framework in Frameworks */,
				63C431831CC97B06005519BE /* SwiftyJSON.framework in Frameworks */,
				63C431761CC97558005519BE /* CoreGraphics.framework in Frameworks */,
				63C431771CC97558005519BE /* CoreLocation.framework in Frameworks */,
				638E37BA1CC97D4B00E64C9D /* Pods_CSolidario.framework in Frameworks */,
				63C431781CC97558005519BE /* Security.framework in Frameworks */,
				63C4317A1CC97558005519BE /* SystemConfiguration.framework in Frameworks */,
				63C4316B1CC97522005519BE /* ParseUI.framework in Frameworks */,
				63C4316A1CC97522005519BE /* Parse.framework in Frameworks */,
				63C431691CC97522005519BE /* Bolts.framework in Frameworks */,
			);
			runOnlyForDeploymentPostprocessing = 0;
		};
/* End PBXFrameworksBuildPhase section */

/* Begin PBXGroup section */
		279E1E498555C03F132061D2 /* Frameworks */ = {
			isa = PBXGroup;
			children = (
				63F22F6F1CCA0A7400F49248 /* MapKit.framework */,
				85F14120EFACD333A85ED4B4 /* Pods_CSolidario.framework */,
			);
			name = Frameworks;
			sourceTree = "<group>";
		};
		63C430951CC9730D005519BE = {
			isa = PBXGroup;
			children = (
				63C431821CC97B06005519BE /* SwiftyJSON.framework */,
				63C431801CC976BF005519BE /* Podfile */,
				63C4317F1CC9759D005519BE /* APPLE */,
				63C430A01CC9730E005519BE /* CSolidario */,
				63C4309F1CC9730D005519BE /* Products */,
				E565097C66715B879E5DD0EF /* Pods */,
				279E1E498555C03F132061D2 /* Frameworks */,
			);
			sourceTree = "<group>";
		};
		63C4309F1CC9730D005519BE /* Products */ = {
			isa = PBXGroup;
			children = (
				63C4309E1CC9730D005519BE /* CSolidario.app */,
			);
			name = Products;
			sourceTree = "<group>";
		};
		63C430A01CC9730E005519BE /* CSolidario */ = {
			isa = PBXGroup;
			children = (
				63C4316C1CC97529005519BE /* PARSE */,
				63C430A11CC9730E005519BE /* AppDelegate.swift */,
				63F22F991CCACEAA00F49248 /* WebDetalleViewController.swift */,
				63C431651CC974B8005519BE /* OBJC */,
				63C4315F1CC9745B005519BE /* IMAGENES */,
				63C431031CC97404005519BE /* VCASOCIACIONES */,
				63C430FD1CC9737F005519BE /* VCCONTURSOS */,
				63C431021CC973EA005519BE /* VCCUPONES */,
				63C431011CC973DB005519BE /* VCOFERTAS */,
				63C431001CC973BE005519BE /* INTRO */,
				63C431041CC97413005519BE /* VCMOVIMIENTOS */,
				63C430FF1CC973B0005519BE /* API */,
				63C430FE1CC973A1005519BE /* MODELO */,
				63C430B31CC97338005519BE /* Main.storyboard */,
				63C430A81CC9730E005519BE /* Assets.xcassets */,
				63C430AA1CC9730E005519BE /* LaunchScreen.storyboard */,
				63C430AD1CC9730E005519BE /* Info.plist */,
			);
			path = CSolidario;
			sourceTree = "<group>";
		};
		63C430FD1CC9737F005519BE /* VCCONTURSOS */ = {
			isa = PBXGroup;
			children = (
				63C430BF1CC97369005519BE /* DetalleConcursosViewController.swift */,
				63C430B71CC97369005519BE /* CBConcursosViewController.swift */,
				63C430BA1CC97369005519BE /* ConcursosTableViewCell.swift */,
				63C430BB1CC97369005519BE /* ConcursosTableViewController.swift */,
				63C430C81CC97369005519BE /* QRConcursosViewController.swift */,
			);
			name = VCCONTURSOS;
			sourceTree = "<group>";
		};
		63C430FE1CC973A1005519BE /* MODELO */ = {
			isa = PBXGroup;
			children = (
				63C430CE1CC97369005519BE /* TOActividadModel.swift */,
				63C430D01CC97369005519BE /* TOAsociacionModel.swift */,
				63C430D11CC97369005519BE /* TOAsociadoModel.swift */,
				63C430D21CC97369005519BE /* TOBannersModel.swift */,
				63C430D31CC97369005519BE /* TOConstantesModel.swift */,
				63C430D41CC97369005519BE /* TOLocalidadModel.swift */,
				63C430D51CC97369005519BE /* TOMovimientoModel.swift */,
				63C430D61CC97369005519BE /* TOOfertaModel.swift */,
				63C430D71CC97369005519BE /* TOPromocionModel.swift */,
				63C430D81CC97369005519BE /* TOUsuarioModel.swift */,
			);
			name = MODELO;
			sourceTree = "<group>";
		};
		63C430FF1CC973B0005519BE /* API */ = {
			isa = PBXGroup;
			children = (
				63C430CC1CC97369005519BE /* SetupImage.swift */,
				63C430CF1CC97369005519BE /* TOAPIDatabaseManager.swift */,
			);
			name = API;
			sourceTree = "<group>";
		};
		63C431001CC973BE005519BE /* INTRO */ = {
			isa = PBXGroup;
			children = (
				63C430C21CC97369005519BE /* IntroRegisterViewController.swift */,
				63C430CB1CC97369005519BE /* RegistrerViewController.swift */,
				63C430CD1CC97369005519BE /* TerminosYCondicionesViewController.swift */,
				63C430C31CC97369005519BE /* MenuController.swift */,
			);
			name = INTRO;
			sourceTree = "<group>";
		};
		63C431011CC973DB005519BE /* VCOFERTAS */ = {
			isa = PBXGroup;
			children = (
				63C430C11CC97369005519BE /* DetalleOfertasViewController.swift */,
				63C430C61CC97369005519BE /* OfertasTableViewCell.swift */,
				63C430C71CC97369005519BE /* OfertasTableViewController.swift */,
			);
			name = VCOFERTAS;
			sourceTree = "<group>";
		};
		63C431021CC973EA005519BE /* VCCUPONES */ = {
			isa = PBXGroup;
			children = (
				63C430B81CC97369005519BE /* CBCuponesViewController.swift */,
				63C430BC1CC97369005519BE /* CuponesTableViewCell.swift */,
				63C430BD1CC97369005519BE /* CuponesTableViewController.swift */,
				63C430C01CC97369005519BE /* DetalleCuponesViewController.swift */,
				63C430C91CC97369005519BE /* QRCuponesViewController.swift */,
			);
			name = VCCUPONES;
			sourceTree = "<group>";
		};
		63C431031CC97404005519BE /* VCASOCIACIONES */ = {
			isa = PBXGroup;
			children = (
				63C430B51CC97369005519BE /* AsociacionesTableViewCell.swift */,
				63C430B61CC97369005519BE /* AsociacionesTableViewController.swift */,
				63C430BE1CC97369005519BE /* DetalleAsociacionesViewController.swift */,
			);
			name = VCASOCIACIONES;
			sourceTree = "<group>";
		};
		63C431041CC97413005519BE /* VCMOVIMIENTOS */ = {
			isa = PBXGroup;
			children = (
				63C430C41CC97369005519BE /* MovimientosTableViewCell.swift */,
				63C430C51CC97369005519BE /* MovimientosTableViewController.swift */,
			);
			name = VCMOVIMIENTOS;
			sourceTree = "<group>";
		};
		63C4315F1CC9745B005519BE /* IMAGENES */ = {
			isa = PBXGroup;
			children = (
				63F22F971CCACE3500F49248 /* cerrasX@2x.png */,
				63F22F711CCAAFE500F49248 /* qr2@2x.png */,
				63F22F721CCAAFE500F49248 /* qr1@2x.png */,
				63F22F731CCAAFE500F49248 /* qr@2x.png */,
				63F22F741CCAAFE500F49248 /* backgroundMan@2x.png */,
				63C431051CC97450005519BE /* backgroundIntro1.jpg */,
				63C431061CC97450005519BE /* codigo-qr.jpg */,
				63C431071CC97450005519BE /* Adolfo-círculo.png */,
				63C431081CC97450005519BE /* AJ_1.png */,
				63C431091CC97450005519BE /* AJ_2.png */,
				63C4310A1CC97450005519BE /* AJ_3.png */,
				63C4310B1CC97450005519BE /* AJ_4.png */,
				63C4310C1CC97450005519BE /* AJ_5.png */,
				63C4310D1CC97450005519BE /* AJ_6.png */,
				63C4310E1CC97450005519BE /* asociaciones@2x.png */,
				63C4310F1CC97450005519BE /* background@2x.png */,
				63C431101CC97450005519BE /* barcode.png */,
				63C431111CC97450005519BE /* camera.png */,
				63C431121CC97450005519BE /* concursos@2x.png */,
				63C431131CC97450005519BE /* cupones@2x.png */,
				63C431141CC97450005519BE /* degradado@2x.png */,
				63C431151CC97450005519BE /* fondo.png */,
				63C431161CC97450005519BE /* icon58x58@2x.png */,
				63C431171CC97450005519BE /* icon80x80@2x.png */,
				63C431181CC97450005519BE /* icon87x87@3x.png */,
				63C431191CC97450005519BE /* icon120x120@2x.png */,
				63C4311A1CC97450005519BE /* icon120x120@3x.png */,
				63C4311B1CC97450005519BE /* icon180x180@3x.png */,
				63C4311C1CC97450005519BE /* iconoCMSAppStore.png */,
				63C4311D1CC97450005519BE /* iconoLaunchScreeniOS.png */,
				63C4311E1CC97450005519BE /* legal@2x.png */,
				63C4311F1CC97450005519BE /* letter.png */,
				63C431201CC97450005519BE /* like.png */,
				63C431211CC97450005519BE /* logout@2x.png */,
				63C431221CC97450005519BE /* mail@2x.png */,
				63C431231CC97450005519BE /* menu@2x.png */,
				63C431241CC97450005519BE /* nation.png */,
				63C431251CC97450005519BE /* ofertas.png */,
				63C431261CC97450005519BE /* personMenu@2x.png */,
				63C431271CC97450005519BE /* placeholderPerson.png */,
				63C431281CC97450005519BE /* puntos@2x.png */,
				63C431291CC97450005519BE /* rateApp@2x.png */,
				63C4312A1CC97450005519BE /* reloadImage.png */,
				63C4312B1CC97450005519BE /* shape.png */,
				63C4312C1CC97450005519BE /* signature.png */,
				63C4312D1CC97450005519BE /* symbol.png */,
				63C4312E1CC97450005519BE /* symbols.png */,
				63C4312F1CC97450005519BE /* technology.png */,
				63C431301CC97450005519BE /* tusofertas-logo.png */,
				63C431311CC97450005519BE /* tusOfertas@2x.png */,
			);
			name = IMAGENES;
			sourceTree = "<group>";
		};
		63C431651CC974B8005519BE /* OBJC */ = {
			isa = PBXGroup;
			children = (
				63F22F6C1CC9FE8600F49248 /* CSolidario-Bridging-Header.h */,
				63F22F681CC9FE1900F49248 /* SWRevealViewController.h */,
				63F22F691CC9FE1900F49248 /* SWRevealViewController.m */,
			);
			name = OBJC;
			sourceTree = "<group>";
		};
		63C4316C1CC97529005519BE /* PARSE */ = {
			isa = PBXGroup;
			children = (
				63C431661CC97522005519BE /* Bolts.framework */,
				63C431671CC97522005519BE /* Parse.framework */,
				63C431681CC97522005519BE /* ParseUI.framework */,
			);
			name = PARSE;
			sourceTree = "<group>";
		};
		63C4317F1CC9759D005519BE /* APPLE */ = {
			isa = PBXGroup;
			children = (
				63C4317D1CC9756F005519BE /* libsqlite3.tbd */,
				63C4317B1CC97567005519BE /* libz.tbd */,
				63C4316D1CC97558005519BE /* AudioToolbox.framework */,
				63C4316E1CC97558005519BE /* CFNetwork.framework */,
				63C4316F1CC97558005519BE /* CoreGraphics.framework */,
				63C431701CC97558005519BE /* CoreLocation.framework */,
				63C431711CC97558005519BE /* Security.framework */,
				63C431731CC97558005519BE /* SystemConfiguration.framework */,
			);
			name = APPLE;
			sourceTree = "<group>";
		};
		E565097C66715B879E5DD0EF /* Pods */ = {
			isa = PBXGroup;
			children = (
				0EF1A9D973292872D2CF6A37 /* Pods-CSolidario.debug.xcconfig */,
				CC492B4DA5E1F2F66157BA06 /* Pods-CSolidario.release.xcconfig */,
			);
			name = Pods;
			sourceTree = "<group>";
		};
/* End PBXGroup section */

/* Begin PBXNativeTarget section */
		63C4309D1CC9730D005519BE /* CSolidario */ = {
			isa = PBXNativeTarget;
			buildConfigurationList = 63C430B01CC9730E005519BE /* Build configuration list for PBXNativeTarget "CSolidario" */;
			buildPhases = (
				3F8D916CB79BD735D8D6E27D /* Check Pods Manifest.lock */,
				63C4309A1CC9730D005519BE /* Sources */,
				63C4309B1CC9730D005519BE /* Frameworks */,
				63C4309C1CC9730D005519BE /* Resources */,
				2D9C1F1BD7BE560E6DE9EC66 /* Embed Pods Frameworks */,
				F49777045DB88F9DD7E3244D /* Copy Pods Resources */,
				63C431851CC97B07005519BE /* Embed Frameworks */,
			);
			buildRules = (
			);
			dependencies = (
			);
			name = CSolidario;
			productName = CSolidario;
			productReference = 63C4309E1CC9730D005519BE /* CSolidario.app */;
			productType = "com.apple.product-type.application";
		};
/* End PBXNativeTarget section */

/* Begin PBXProject section */
		63C430961CC9730D005519BE /* Project object */ = {
			isa = PBXProject;
			attributes = {
				LastSwiftUpdateCheck = 0730;
				LastUpgradeCheck = 0730;
				ORGANIZATIONNAME = iCologic;
				TargetAttributes = {
					63C4309D1CC9730D005519BE = {
						CreatedOnToolsVersion = 7.3;
						DevelopmentTeam = HGV75A95KZ;
						SystemCapabilities = {
							com.apple.InAppPurchase = {
								enabled = 0;
							};
							com.apple.Push = {
								enabled = 0;
							};
						};
					};
				};
			};
			buildConfigurationList = 63C430991CC9730D005519BE /* Build configuration list for PBXProject "CSolidario" */;
			compatibilityVersion = "Xcode 3.2";
			developmentRegion = English;
			hasScannedForEncodings = 0;
			knownRegions = (
				en,
				Base,
			);
			mainGroup = 63C430951CC9730D005519BE;
			productRefGroup = 63C4309F1CC9730D005519BE /* Products */;
			projectDirPath = "";
			projectRoot = "";
			targets = (
				63C4309D1CC9730D005519BE /* CSolidario */,
			);
		};
/* End PBXProject section */

/* Begin PBXResourcesBuildPhase section */
		63C4309C1CC9730D005519BE /* Resources */ = {
			isa = PBXResourcesBuildPhase;
			buildActionMask = 2147483647;
			files = (
				63C431471CC97450005519BE /* icon120x120@3x.png in Resources */,
				63C431581CC97450005519BE /* shape.png in Resources */,
				63C431501CC97450005519BE /* menu@2x.png in Resources */,
				63C4314A1CC97450005519BE /* iconoLaunchScreeniOS.png in Resources */,
				63C431371CC97450005519BE /* AJ_3.png in Resources */,
				63C431411CC97450005519BE /* degradado@2x.png in Resources */,
				63C4314E1CC97450005519BE /* logout@2x.png in Resources */,
				63C4314B1CC97450005519BE /* legal@2x.png in Resources */,
				63C431321CC97450005519BE /* backgroundIntro1.jpg in Resources */,
				63C4315C1CC97450005519BE /* technology.png in Resources */,
				63C431571CC97450005519BE /* reloadImage.png in Resources */,
				63C431331CC97450005519BE /* codigo-qr.jpg in Resources */,
				63C431431CC97450005519BE /* icon58x58@2x.png in Resources */,
				63F22F771CCAAFE500F49248 /* qr@2x.png in Resources */,
				63C4314F1CC97450005519BE /* mail@2x.png in Resources */,
				63C4313A1CC97450005519BE /* AJ_6.png in Resources */,
				63C430B41CC97338005519BE /* Main.storyboard in Resources */,
				63F22F981CCACE3500F49248 /* cerrasX@2x.png in Resources */,
				63C431391CC97450005519BE /* AJ_5.png in Resources */,
				63C431401CC97450005519BE /* cupones@2x.png in Resources */,
				63C4313E1CC97450005519BE /* camera.png in Resources */,
				63C431811CC976BF005519BE /* Podfile in Resources */,
				63C431561CC97450005519BE /* rateApp@2x.png in Resources */,
				63C430AC1CC9730E005519BE /* LaunchScreen.storyboard in Resources */,
				63C431451CC97450005519BE /* icon87x87@3x.png in Resources */,
				63C431351CC97450005519BE /* AJ_1.png in Resources */,
				63C4313F1CC97450005519BE /* concursos@2x.png in Resources */,
				63C4315B1CC97450005519BE /* symbols.png in Resources */,
				63C431541CC97450005519BE /* placeholderPerson.png in Resources */,
				63C431461CC97450005519BE /* icon120x120@2x.png in Resources */,
				63C431341CC97450005519BE /* Adolfo-círculo.png in Resources */,
				63C431521CC97450005519BE /* ofertas.png in Resources */,
				63F22F751CCAAFE500F49248 /* qr2@2x.png in Resources */,
				63C431551CC97450005519BE /* puntos@2x.png in Resources */,
				63F22F781CCAAFE500F49248 /* backgroundMan@2x.png in Resources */,
				63C4315E1CC97450005519BE /* tusOfertas@2x.png in Resources */,
				63C431591CC97450005519BE /* signature.png in Resources */,
				63C431491CC97450005519BE /* iconoCMSAppStore.png in Resources */,
				63C431531CC97450005519BE /* personMenu@2x.png in Resources */,
				63C431381CC97450005519BE /* AJ_4.png in Resources */,
				63C431421CC97450005519BE /* fondo.png in Resources */,
				63C431511CC97450005519BE /* nation.png in Resources */,
				63C431481CC97450005519BE /* icon180x180@3x.png in Resources */,
				63C4314D1CC97450005519BE /* like.png in Resources */,
				63C4313C1CC97450005519BE /* background@2x.png in Resources */,
				63F22F761CCAAFE500F49248 /* qr1@2x.png in Resources */,
				63C430A91CC9730E005519BE /* Assets.xcassets in Resources */,
				63C4314C1CC97450005519BE /* letter.png in Resources */,
				63C4313D1CC97450005519BE /* barcode.png in Resources */,
				63C4313B1CC97450005519BE /* asociaciones@2x.png in Resources */,
				63C431441CC97450005519BE /* icon80x80@2x.png in Resources */,
				63C431361CC97450005519BE /* AJ_2.png in Resources */,
				63C4315A1CC97450005519BE /* symbol.png in Resources */,
				63C4315D1CC97450005519BE /* tusofertas-logo.png in Resources */,
			);
			runOnlyForDeploymentPostprocessing = 0;
		};
/* End PBXResourcesBuildPhase section */

/* Begin PBXShellScriptBuildPhase section */
		2D9C1F1BD7BE560E6DE9EC66 /* Embed Pods Frameworks */ = {
			isa = PBXShellScriptBuildPhase;
			buildActionMask = 2147483647;
			files = (
			);
			inputPaths = (
			);
			name = "Embed Pods Frameworks";
			outputPaths = (
			);
			runOnlyForDeploymentPostprocessing = 0;
			shellPath = /bin/sh;
			shellScript = "\"${SRCROOT}/Pods/Target Support Files/Pods-CSolidario/Pods-CSolidario-frameworks.sh\"\n";
			showEnvVarsInLog = 0;
		};
		3F8D916CB79BD735D8D6E27D /* Check Pods Manifest.lock */ = {
			isa = PBXShellScriptBuildPhase;
			buildActionMask = 2147483647;
			files = (
			);
			inputPaths = (
			);
			name = "Check Pods Manifest.lock";
			outputPaths = (
			);
			runOnlyForDeploymentPostprocessing = 0;
			shellPath = /bin/sh;
			shellScript = "diff \"${PODS_ROOT}/../Podfile.lock\" \"${PODS_ROOT}/Manifest.lock\" > /dev/null\nif [[ $? != 0 ]] ; then\n    cat << EOM\nerror: The sandbox is not in sync with the Podfile.lock. Run 'pod install' or update your CocoaPods installation.\nEOM\n    exit 1\nfi\n";
			showEnvVarsInLog = 0;
		};
		F49777045DB88F9DD7E3244D /* Copy Pods Resources */ = {
			isa = PBXShellScriptBuildPhase;
			buildActionMask = 2147483647;
			files = (
			);
			inputPaths = (
			);
			name = "Copy Pods Resources";
			outputPaths = (
			);
			runOnlyForDeploymentPostprocessing = 0;
			shellPath = /bin/sh;
			shellScript = "\"${SRCROOT}/Pods/Target Support Files/Pods-CSolidario/Pods-CSolidario-resources.sh\"\n";
			showEnvVarsInLog = 0;
		};
/* End PBXShellScriptBuildPhase section */

/* Begin PBXSourcesBuildPhase section */
		63C4309A1CC9730D005519BE /* Sources */ = {
			isa = PBXSourcesBuildPhase;
			buildActionMask = 2147483647;
			files = (
				63C430E41CC97369005519BE /* DetalleCuponesViewController.swift in Sources */,
				63F22F6A1CC9FE1900F49248 /* SWRevealViewController.m in Sources */,
				63C430EC1CC97369005519BE /* QRConcursosViewController.swift in Sources */,
				63C430D91CC97369005519BE /* AsociacionesTableViewCell.swift in Sources */,
				63C430FC1CC97369005519BE /* TOUsuarioModel.swift in Sources */,
				63C430E21CC97369005519BE /* DetalleAsociacionesViewController.swift in Sources */,
				63C430F61CC97369005519BE /* TOBannersModel.swift in Sources */,
				63C430DB1CC97369005519BE /* CBConcursosViewController.swift in Sources */,
				63C430A21CC9730E005519BE /* AppDelegate.swift in Sources */,
				63F22F9A1CCACEAA00F49248 /* WebDetalleViewController.swift in Sources */,
				63C430EA1CC97369005519BE /* OfertasTableViewCell.swift in Sources */,
				63C430F71CC97369005519BE /* TOConstantesModel.swift in Sources */,
				63C430DC1CC97369005519BE /* CBCuponesViewController.swift in Sources */,
				63C430F41CC97369005519BE /* TOAsociacionModel.swift in Sources */,
				63C430E11CC97369005519BE /* CuponesTableViewController.swift in Sources */,
				63C430F91CC97369005519BE /* TOMovimientoModel.swift in Sources */,
				63C430F81CC97369005519BE /* TOLocalidadModel.swift in Sources */,
				63C430E91CC97369005519BE /* MovimientosTableViewController.swift in Sources */,
				63C430F51CC97369005519BE /* TOAsociadoModel.swift in Sources */,
				63C430E71CC97369005519BE /* MenuController.swift in Sources */,
				63C430DA1CC97369005519BE /* AsociacionesTableViewController.swift in Sources */,
				63C430F31CC97369005519BE /* TOAPIDatabaseManager.swift in Sources */,
				63C430F21CC97369005519BE /* TOActividadModel.swift in Sources */,
				63C430EF1CC97369005519BE /* RegistrerViewController.swift in Sources */,
				63C430FB1CC97369005519BE /* TOPromocionModel.swift in Sources */,
				63C430EB1CC97369005519BE /* OfertasTableViewController.swift in Sources */,
				63C430E81CC97369005519BE /* MovimientosTableViewCell.swift in Sources */,
				63C430FA1CC97369005519BE /* TOOfertaModel.swift in Sources */,
				63C430F01CC97369005519BE /* SetupImage.swift in Sources */,
				63C430ED1CC97369005519BE /* QRCuponesViewController.swift in Sources */,
				63C430E61CC97369005519BE /* IntroRegisterViewController.swift in Sources */,
				63C430E51CC97369005519BE /* DetalleOfertasViewController.swift in Sources */,
				63C430E31CC97369005519BE /* DetalleConcursosViewController.swift in Sources */,
				63C430DE1CC97369005519BE /* ConcursosTableViewCell.swift in Sources */,
				63C430E01CC97369005519BE /* CuponesTableViewCell.swift in Sources */,
				63C430F11CC97369005519BE /* TerminosYCondicionesViewController.swift in Sources */,
				63C430DF1CC97369005519BE /* ConcursosTableViewController.swift in Sources */,
			);
			runOnlyForDeploymentPostprocessing = 0;
		};
/* End PBXSourcesBuildPhase section */

/* Begin PBXVariantGroup section */
		63C430AA1CC9730E005519BE /* LaunchScreen.storyboard */ = {
			isa = PBXVariantGroup;
			children = (
				63C430AB1CC9730E005519BE /* Base */,
			);
			name = LaunchScreen.storyboard;
			sourceTree = "<group>";
		};
/* End PBXVariantGroup section */

/* Begin XCBuildConfiguration section */
		63C430AE1CC9730E005519BE /* Debug */ = {
			isa = XCBuildConfiguration;
			buildSettings = {
				ALWAYS_SEARCH_USER_PATHS = NO;
				CLANG_ANALYZER_NONNULL = YES;
				CLANG_CXX_LANGUAGE_STANDARD = "gnu++0x";
				CLANG_CXX_LIBRARY = "libc++";
				CLANG_ENABLE_MODULES = YES;
				CLANG_ENABLE_OBJC_ARC = YES;
				CLANG_WARN_BOOL_CONVERSION = YES;
				CLANG_WARN_CONSTANT_CONVERSION = YES;
				CLANG_WARN_DIRECT_OBJC_ISA_USAGE = YES_ERROR;
				CLANG_WARN_EMPTY_BODY = YES;
				CLANG_WARN_ENUM_CONVERSION = YES;
				CLANG_WARN_INT_CONVERSION = YES;
				CLANG_WARN_OBJC_ROOT_CLASS = YES_ERROR;
				CLANG_WARN_UNREACHABLE_CODE = YES;
				CLANG_WARN__DUPLICATE_METHOD_MATCH = YES;
				CODE_SIGN_IDENTITY = "iPhone Developer: Joaquin Mel (9S6P3YKYV3)";
				"CODE_SIGN_IDENTITY[sdk=iphoneos*]" = "iPhone Developer";
				COPY_PHASE_STRIP = NO;
				DEBUG_INFORMATION_FORMAT = dwarf;
				ENABLE_STRICT_OBJC_MSGSEND = YES;
				ENABLE_TESTABILITY = YES;
				GCC_C_LANGUAGE_STANDARD = gnu99;
				GCC_DYNAMIC_NO_PIC = NO;
				GCC_NO_COMMON_BLOCKS = YES;
				GCC_OPTIMIZATION_LEVEL = 0;
				GCC_PREPROCESSOR_DEFINITIONS = (
					"DEBUG=1",
					"$(inherited)",
				);
				GCC_WARN_64_TO_32_BIT_CONVERSION = YES;
				GCC_WARN_ABOUT_RETURN_TYPE = YES_ERROR;
				GCC_WARN_UNDECLARED_SELECTOR = YES;
				GCC_WARN_UNINITIALIZED_AUTOS = YES_AGGRESSIVE;
				GCC_WARN_UNUSED_FUNCTION = YES;
				GCC_WARN_UNUSED_VARIABLE = YES;
				IPHONEOS_DEPLOYMENT_TARGET = 9.0;
				MTL_ENABLE_DEBUG_INFO = YES;
				ONLY_ACTIVE_ARCH = YES;
				PROVISIONING_PROFILE = "8b0c88c6-c7d6-4438-b93a-224d85481d10";
				SDKROOT = iphoneos;
				SWIFT_OPTIMIZATION_LEVEL = "-Onone";
			};
			name = Debug;
		};
		63C430AF1CC9730E005519BE /* Release */ = {
			isa = XCBuildConfiguration;
			buildSettings = {
				ALWAYS_SEARCH_USER_PATHS = NO;
				CLANG_ANALYZER_NONNULL = YES;
				CLANG_CXX_LANGUAGE_STANDARD = "gnu++0x";
				CLANG_CXX_LIBRARY = "libc++";
				CLANG_ENABLE_MODULES = YES;
				CLANG_ENABLE_OBJC_ARC = YES;
				CLANG_WARN_BOOL_CONVERSION = YES;
				CLANG_WARN_CONSTANT_CONVERSION = YES;
				CLANG_WARN_DIRECT_OBJC_ISA_USAGE = YES_ERROR;
				CLANG_WARN_EMPTY_BODY = YES;
				CLANG_WARN_ENUM_CONVERSION = YES;
				CLANG_WARN_INT_CONVERSION = YES;
				CLANG_WARN_OBJC_ROOT_CLASS = YES_ERROR;
				CLANG_WARN_UNREACHABLE_CODE = YES;
				CLANG_WARN__DUPLICATE_METHOD_MATCH = YES;
				CODE_SIGN_IDENTITY = "iPhone Developer: Joaquin Mel (9S6P3YKYV3)";
				"CODE_SIGN_IDENTITY[sdk=iphoneos*]" = "iPhone Developer";
				COPY_PHASE_STRIP = NO;
				DEBUG_INFORMATION_FORMAT = "dwarf-with-dsym";
				ENABLE_NS_ASSERTIONS = NO;
				ENABLE_STRICT_OBJC_MSGSEND = YES;
				GCC_C_LANGUAGE_STANDARD = gnu99;
				GCC_NO_COMMON_BLOCKS = YES;
				GCC_WARN_64_TO_32_BIT_CONVERSION = YES;
				GCC_WARN_ABOUT_RETURN_TYPE = YES_ERROR;
				GCC_WARN_UNDECLARED_SELECTOR = YES;
				GCC_WARN_UNINITIALIZED_AUTOS = YES_AGGRESSIVE;
				GCC_WARN_UNUSED_FUNCTION = YES;
				GCC_WARN_UNUSED_VARIABLE = YES;
				IPHONEOS_DEPLOYMENT_TARGET = 9.0;
				MTL_ENABLE_DEBUG_INFO = NO;
				PROVISIONING_PROFILE = "8b0c88c6-c7d6-4438-b93a-224d85481d10";
				SDKROOT = iphoneos;
				VALIDATE_PRODUCT = YES;
			};
			name = Release;
		};
		63C430B11CC9730E005519BE /* Debug */ = {
			isa = XCBuildConfiguration;
			baseConfigurationReference = 0EF1A9D973292872D2CF6A37 /* Pods-CSolidario.debug.xcconfig */;
			buildSettings = {
				ASSETCATALOG_COMPILER_APPICON_NAME = AppIcon;
				CLANG_ENABLE_MODULES = YES;
				CODE_SIGN_IDENTITY = "iPhone Developer";
				"CODE_SIGN_IDENTITY[sdk=iphoneos*]" = "iPhone Developer";
				FRAMEWORK_SEARCH_PATHS = (
					"$(inherited)",
					"$(PROJECT_DIR)/CSolidario",
				);
				INFOPLIST_FILE = CSolidario/Info.plist;
				IPHONEOS_DEPLOYMENT_TARGET = 9.0;
				LD_RUNPATH_SEARCH_PATHS = "@executable_path/Frameworks";
				PRODUCT_BUNDLE_IDENTIFIER = es.clubsinergias.CSolidario1;
				PRODUCT_NAME = "$(TARGET_NAME)";
				PROVISIONING_PROFILE = "8b0c88c6-c7d6-4438-b93a-224d85481d10";
				SWIFT_OBJC_BRIDGING_HEADER = "CSolidario/CSolidario-Bridging-Header.h";
				SWIFT_OPTIMIZATION_LEVEL = "-Onone";
			};
			name = Debug;
		};
		63C430B21CC9730E005519BE /* Release */ = {
			isa = XCBuildConfiguration;
			baseConfigurationReference = CC492B4DA5E1F2F66157BA06 /* Pods-CSolidario.release.xcconfig */;
			buildSettings = {
				ASSETCATALOG_COMPILER_APPICON_NAME = AppIcon;
				CLANG_ENABLE_MODULES = YES;
				CODE_SIGN_IDENTITY = "iPhone Developer";
				"CODE_SIGN_IDENTITY[sdk=iphoneos*]" = "iPhone Developer";
				FRAMEWORK_SEARCH_PATHS = (
					"$(inherited)",
					"$(PROJECT_DIR)/CSolidario",
				);
				INFOPLIST_FILE = CSolidario/Info.plist;
				IPHONEOS_DEPLOYMENT_TARGET = 9.0;
				LD_RUNPATH_SEARCH_PATHS = "@executable_path/Frameworks";
				PRODUCT_BUNDLE_IDENTIFIER = es.clubsinergias.CSolidario1;
				PRODUCT_NAME = "$(TARGET_NAME)";
				PROVISIONING_PROFILE = "8b0c88c6-c7d6-4438-b93a-224d85481d10";
				SWIFT_OBJC_BRIDGING_HEADER = "CSolidario/CSolidario-Bridging-Header.h";
			};
			name = Release;
		};
/* End XCBuildConfiguration section */

/* Begin XCConfigurationList section */
		63C430991CC9730D005519BE /* Build configuration list for PBXProject "CSolidario" */ = {
			isa = XCConfigurationList;
			buildConfigurations = (
				63C430AE1CC9730E005519BE /* Debug */,
				63C430AF1CC9730E005519BE /* Release */,
			);
			defaultConfigurationIsVisible = 0;
			defaultConfigurationName = Release;
		};
		63C430B01CC9730E005519BE /* Build configuration list for PBXNativeTarget "CSolidario" */ = {
			isa = XCConfigurationList;
			buildConfigurations = (
				63C430B11CC9730E005519BE /* Debug */,
				63C430B21CC9730E005519BE /* Release */,
			);
			defaultConfigurationIsVisible = 0;
			defaultConfigurationName = Release;
		};
/* End XCConfigurationList section */
	};
	rootObject = 63C430961CC9730D005519BE /* Project object */;
}
